
Microsoft Visual Studio Solution File, Format Version 12.00
# Visual Studio Version 16
VisualStudioVersion = 16.0.30114.105
MinimumVisualStudioVersion = 10.0.40219.1
Project("{2150E333-8FDC-42A3-9474-1A3956D46DE8}") = "1 - Services", "1 - Services", "{CBB20C58-9B69-426E-9867-A83DA8A28FF2}"
EndProject
Project("{2150E333-8FDC-42A3-9474-1A3956D46DE8}") = "2 - Application", "2 - Application", "{D458806B-4F99-4218-BD02-2B389ADFBC3D}"
EndProject
Project("{2150E333-8FDC-42A3-9474-1A3956D46DE8}") = "3 - Domain", "3 - Domain", "{2E3AF859-2C3F-43E4-B598-B489D4B54441}"
EndProject
Project("{2150E333-8FDC-42A3-9474-1A3956D46DE8}") = "4 - Infra", "4 - Infra", "{8257CC8E-AB15-4677-9E02-9129566180A1}"
EndProject
Project("{2150E333-8FDC-42A3-9474-1A3956D46DE8}") = "5 - Tests", "5 - Tests", "{7A806EBA-D815-4762-A608-D9B494F50A07}"
EndProject
Project("{2150E333-8FDC-42A3-9474-1A3956D46DE8}") = "4.1 - Data", "4.1 - Data", "{7D3F6AB9-B852-48C6-BCF2-5FE9CDD0F9DB}"
EndProject
Project("{2150E333-8FDC-42A3-9474-1A3956D46DE8}") = "4.2 - CrossCutting", "4.2 - CrossCutting", "{699D5560-ABD3-4001-91D2-13405649C4D0}"
EndProject
Project("{FAE04EC0-301F-11D3-BF4B-00C04F79EFBC}") = "ApiCoreEF.Domain", "src\ApiCoreEF.Domain\ApiCoreEF.Domain.csproj", "{55118944-F670-4B09-9535-58C8DDA3BE8F}"
EndProject
Project("{FAE04EC0-301F-11D3-BF4B-00C04F79EFBC}") = "ApiCoreEF.Domain.Core", "src\ApiCoreEF.Domain.Core\ApiCoreEF.Domain.Core.csproj", "{20BF0A9B-F569-489C-811C-43DD91DEA0A9}"
EndProject
Project("{FAE04EC0-301F-11D3-BF4B-00C04F79EFBC}") = "ApiCoreEF.Infra.Data", "src\ApiCoreEF.Infra.Data\ApiCoreEF.Infra.Data.csproj", "{F4563620-A479-43AC-A6C9-F87CF03DBAE5}"
EndProject
Project("{FAE04EC0-301F-11D3-BF4B-00C04F79EFBC}") = "ApiCoreEF.Infra.CrossCutting.IoC", "src\ApiCoreEF.Infra.CrossCutting.IoC\ApiCoreEF.Infra.CrossCutting.IoC.csproj", "{89C93336-F619-49B1-900C-E2AFF1E33730}"
EndProject
Project("{FAE04EC0-301F-11D3-BF4B-00C04F79EFBC}") = "ApiCoreEF", "src\ApiCoreEF\ApiCoreEF.csproj", "{53BB8C30-CFA9-4113-9FB6-C4A36C9F2DBC}"
EndProject
Project("{FAE04EC0-301F-11D3-BF4B-00C04F79EFBC}") = "ApiCoreEF.Application", "src\ApiCoreEF.Application\ApiCoreEF.Application.csproj", "{7B5F03A8-93BF-4121-A3DC-C5554C4225FE}"
EndProject
Project("{FAE04EC0-301F-11D3-BF4B-00C04F79EFBC}") = "ApiCoreEF.Tests.Domain", "test\ApiCoreEF.Tests.Domain\ApiCoreEF.Tests.Domain.csproj", "{D4022420-0804-4964-844A-139E6DF63498}"
EndProject
Global
	GlobalSection(SolutionConfigurationPlatforms) = preSolution
		Debug|Any CPU = Debug|Any CPU
		Release|Any CPU = Release|Any CPU
	EndGlobalSection
	GlobalSection(ProjectConfigurationPlatforms) = postSolution
		{55118944-F670-4B09-9535-58C8DDA3BE8F}.Debug|Any CPU.ActiveCfg = Debug|Any CPU
		{55118944-F670-4B09-9535-58C8DDA3BE8F}.Debug|Any CPU.Build.0 = Debug|Any CPU
		{55118944-F670-4B09-9535-58C8DDA3BE8F}.Release|Any CPU.ActiveCfg = Release|Any CPU
		{55118944-F670-4B09-9535-58C8DDA3BE8F}.Release|Any CPU.Build.0 = Release|Any CPU
		{20BF0A9B-F569-489C-811C-43DD91DEA0A9}.Debug|Any CPU.ActiveCfg = Debug|Any CPU
		{20BF0A9B-F569-489C-811C-43DD91DEA0A9}.Debug|Any CPU.Build.0 = Debug|Any CPU
		{20BF0A9B-F569-489C-811C-43DD91DEA0A9}.Release|Any CPU.ActiveCfg = Release|Any CPU
		{20BF0A9B-F569-489C-811C-43DD91DEA0A9}.Release|Any CPU.Build.0 = Release|Any CPU
		{F4563620-A479-43AC-A6C9-F87CF03DBAE5}.Debug|Any CPU.ActiveCfg = Debug|Any CPU
		{F4563620-A479-43AC-A6C9-F87CF03DBAE5}.Debug|Any CPU.Build.0 = Debug|Any CPU
		{F4563620-A479-43AC-A6C9-F87CF03DBAE5}.Release|Any CPU.ActiveCfg = Release|Any CPU
		{F4563620-A479-43AC-A6C9-F87CF03DBAE5}.Release|Any CPU.Build.0 = Release|Any CPU
		{89C93336-F619-49B1-900C-E2AFF1E33730}.Debug|Any CPU.ActiveCfg = Debug|Any CPU
		{89C93336-F619-49B1-900C-E2AFF1E33730}.Debug|Any CPU.Build.0 = Debug|Any CPU
		{89C93336-F619-49B1-900C-E2AFF1E33730}.Release|Any CPU.ActiveCfg = Release|Any CPU
		{89C93336-F619-49B1-900C-E2AFF1E33730}.Release|Any CPU.Build.0 = Release|Any CPU
		{53BB8C30-CFA9-4113-9FB6-C4A36C9F2DBC}.Debug|Any CPU.ActiveCfg = Debug|Any CPU
		{53BB8C30-CFA9-4113-9FB6-C4A36C9F2DBC}.Debug|Any CPU.Build.0 = Debug|Any CPU
		{53BB8C30-CFA9-4113-9FB6-C4A36C9F2DBC}.Release|Any CPU.ActiveCfg = Release|Any CPU
		{53BB8C30-CFA9-4113-9FB6-C4A36C9F2DBC}.Release|Any CPU.Build.0 = Release|Any CPU
		{7B5F03A8-93BF-4121-A3DC-C5554C4225FE}.Debug|Any CPU.ActiveCfg = Debug|Any CPU
		{7B5F03A8-93BF-4121-A3DC-C5554C4225FE}.Debug|Any CPU.Build.0 = Debug|Any CPU
		{7B5F03A8-93BF-4121-A3DC-C5554C4225FE}.Release|Any CPU.ActiveCfg = Release|Any CPU
		{7B5F03A8-93BF-4121-A3DC-C5554C4225FE}.Release|Any CPU.Build.0 = Release|Any CPU
		{D4022420-0804-4964-844A-139E6DF63498}.Debug|Any CPU.ActiveCfg = Debug|Any CPU
		{D4022420-0804-4964-844A-139E6DF63498}.Debug|Any CPU.Build.0 = Debug|Any CPU
		{D4022420-0804-4964-844A-139E6DF63498}.Release|Any CPU.ActiveCfg = Release|Any CPU
		{D4022420-0804-4964-844A-139E6DF63498}.Release|Any CPU.Build.0 = Release|Any CPU
	EndGlobalSection
	GlobalSection(SolutionProperties) = preSolution
		HideSolutionNode = FALSE
	EndGlobalSection
	GlobalSection(NestedProjects) = preSolution
		{7D3F6AB9-B852-48C6-BCF2-5FE9CDD0F9DB} = {8257CC8E-AB15-4677-9E02-9129566180A1}
		{699D5560-ABD3-4001-91D2-13405649C4D0} = {8257CC8E-AB15-4677-9E02-9129566180A1}
		{55118944-F670-4B09-9535-58C8DDA3BE8F} = {2E3AF859-2C3F-43E4-B598-B489D4B54441}
		{20BF0A9B-F569-489C-811C-43DD91DEA0A9} = {2E3AF859-2C3F-43E4-B598-B489D4B54441}
		{F4563620-A479-43AC-A6C9-F87CF03DBAE5} = {7D3F6AB9-B852-48C6-BCF2-5FE9CDD0F9DB}
		{89C93336-F619-49B1-900C-E2AFF1E33730} = {699D5560-ABD3-4001-91D2-13405649C4D0}
		{53BB8C30-CFA9-4113-9FB6-C4A36C9F2DBC} = {CBB20C58-9B69-426E-9867-A83DA8A28FF2}
		{7B5F03A8-93BF-4121-A3DC-C5554C4225FE} = {D458806B-4F99-4218-BD02-2B389ADFBC3D}
		{D4022420-0804-4964-844A-139E6DF63498} = {7A806EBA-D815-4762-A608-D9B494F50A07}
	EndGlobalSection
	GlobalSection(ExtensibilityGlobals) = postSolution
		SolutionGuid = {ACF2F6BD-9B00-461B-A876-B46262C4F93A}
	EndGlobalSection
EndGlobal
